// !$*UTF8*$!
{
	archiveVersion = 1;
	classes = {
	};
	objectVersion = 56;
	objects = {

/* Begin PBXBuildFile section */
		C81003312B0F81F9000177EF /* Extensions.swift in Sources */ = {isa = PBXBuildFile; fileRef = C81003302B0F81F9000177EF /* Extensions.swift */; };
		C81110A62AF3D15900931D20 /* FirebaseAnalytics in Frameworks */ = {isa = PBXBuildFile; productRef = C81110A52AF3D15900931D20 /* FirebaseAnalytics */; };
		C81110AA2AF3D15900931D20 /* FirebaseAnalyticsSwift in Frameworks */ = {isa = PBXBuildFile; productRef = C81110A92AF3D15900931D20 /* FirebaseAnalyticsSwift */; };
		C81110B22AF3D15900931D20 /* FirebaseAuth in Frameworks */ = {isa = PBXBuildFile; productRef = C81110B12AF3D15900931D20 /* FirebaseAuth */; };
		C81110BE2AF3D15900931D20 /* FirebaseFirestore in Frameworks */ = {isa = PBXBuildFile; productRef = C81110BD2AF3D15900931D20 /* FirebaseFirestore */; };
		C81110C22AF3D15900931D20 /* FirebaseFirestoreSwift in Frameworks */ = {isa = PBXBuildFile; productRef = C81110C12AF3D15900931D20 /* FirebaseFirestoreSwift */; };
		C81110D82AF3D15900931D20 /* FirebaseStorage in Frameworks */ = {isa = PBXBuildFile; productRef = C81110D72AF3D15900931D20 /* FirebaseStorage */; };
		C81110E42AF3E92400931D20 /* GoogleService-Info.plist in Resources */ = {isa = PBXBuildFile; fileRef = C81110E32AF3E92400931D20 /* GoogleService-Info.plist */; };
		C81110E62AF91C2600931D20 /* DatabaseManager.swift in Sources */ = {isa = PBXBuildFile; fileRef = C81110E52AF91C2600931D20 /* DatabaseManager.swift */; };
		C81110E82AF91CC200931D20 /* User.swift in Sources */ = {isa = PBXBuildFile; fileRef = C81110E72AF91CC200931D20 /* User.swift */; };
		C81110EB2AF9351900931D20 /* ToyListView.swift in Sources */ = {isa = PBXBuildFile; fileRef = C81110EA2AF9351900931D20 /* ToyListView.swift */; };
		C81110ED2AF98DD800931D20 /* AuthenticationManager.swift in Sources */ = {isa = PBXBuildFile; fileRef = C81110EC2AF98DD800931D20 /* AuthenticationManager.swift */; };
		C85FBD9F2AEFD9AC002BFD36 /* GiveGiveApp.swift in Sources */ = {isa = PBXBuildFile; fileRef = C85FBD9E2AEFD9AC002BFD36 /* GiveGiveApp.swift */; };
		C85FBDA12AEFD9AC002BFD36 /* ContentView.swift in Sources */ = {isa = PBXBuildFile; fileRef = C85FBDA02AEFD9AC002BFD36 /* ContentView.swift */; };
		C85FBDA32AEFD9AE002BFD36 /* Assets.xcassets in Resources */ = {isa = PBXBuildFile; fileRef = C85FBDA22AEFD9AE002BFD36 /* Assets.xcassets */; };
		C85FBDA62AEFD9AE002BFD36 /* Preview Assets.xcassets in Resources */ = {isa = PBXBuildFile; fileRef = C85FBDA52AEFD9AE002BFD36 /* Preview Assets.xcassets */; };
		C85FBDB32AEFDDEC002BFD36 /* WorkSans-Black.ttf in Resources */ = {isa = PBXBuildFile; fileRef = C85FBDAC2AEFDDEB002BFD36 /* WorkSans-Black.ttf */; };
		C85FBDB42AEFDDEC002BFD36 /* WorkSans-Medium.ttf in Resources */ = {isa = PBXBuildFile; fileRef = C85FBDAD2AEFDDEC002BFD36 /* WorkSans-Medium.ttf */; };
		C85FBDB52AEFDDEC002BFD36 /* WorkSans-Light.ttf in Resources */ = {isa = PBXBuildFile; fileRef = C85FBDAE2AEFDDEC002BFD36 /* WorkSans-Light.ttf */; };
		C85FBDB62AEFDDEC002BFD36 /* WorkSans-Regular.ttf in Resources */ = {isa = PBXBuildFile; fileRef = C85FBDAF2AEFDDEC002BFD36 /* WorkSans-Regular.ttf */; };
		C85FBDB72AEFDDEC002BFD36 /* WorkSans-Bold.ttf in Resources */ = {isa = PBXBuildFile; fileRef = C85FBDB02AEFDDEC002BFD36 /* WorkSans-Bold.ttf */; };
		C85FBDB82AEFDDEC002BFD36 /* WorkSans-SemiBold.ttf in Resources */ = {isa = PBXBuildFile; fileRef = C85FBDB12AEFDDEC002BFD36 /* WorkSans-SemiBold.ttf */; };
		C85FBDB92AEFDDEC002BFD36 /* WorkSans-ExtraBold.ttf in Resources */ = {isa = PBXBuildFile; fileRef = C85FBDB22AEFDDEC002BFD36 /* WorkSans-ExtraBold.ttf */; };
		C85FBDC12AEFE24E002BFD36 /* GGView.swift in Sources */ = {isa = PBXBuildFile; fileRef = C85FBDC02AEFE24E002BFD36 /* GGView.swift */; };
		C85FBDC42AEFE3A0002BFD36 /* gg.usdz in Resources */ = {isa = PBXBuildFile; fileRef = C85FBDC32AEFE3A0002BFD36 /* gg.usdz */; };
		C8A3ED522B0B8640002D558C /* ToyProfileView.swift in Sources */ = {isa = PBXBuildFile; fileRef = C8A3ED512B0B8640002D558C /* ToyProfileView.swift */; };
		C8A3ED552B0B8670002D558C /* CodeScanner in Frameworks */ = {isa = PBXBuildFile; productRef = C8A3ED542B0B8670002D558C /* CodeScanner */; };
		C8A3ED572B0B86BF002D558C /* QRView.swift in Sources */ = {isa = PBXBuildFile; fileRef = C8A3ED562B0B86BF002D558C /* QRView.swift */; };
		C8A3ED5A2B0CAA3F002D558C /* SubjectLiftingView.swift in Sources */ = {isa = PBXBuildFile; fileRef = C8A3ED592B0CAA3F002D558C /* SubjectLiftingView.swift */; };
		C8FDDAB72AFD064000A24A82 /* StorageManager.swift in Sources */ = {isa = PBXBuildFile; fileRef = C8FDDAB62AFD064000A24A82 /* StorageManager.swift */; };
/* End PBXBuildFile section */

/* Begin PBXFileReference section */
		C81003302B0F81F9000177EF /* Extensions.swift */ = {isa = PBXFileReference; lastKnownFileType = sourcecode.swift; path = Extensions.swift; sourceTree = "<group>"; };
		C81110E32AF3E92400931D20 /* GoogleService-Info.plist */ = {isa = PBXFileReference; fileEncoding = 4; lastKnownFileType = text.plist.xml; path = "GoogleService-Info.plist"; sourceTree = "<group>"; };
		C81110E52AF91C2600931D20 /* DatabaseManager.swift */ = {isa = PBXFileReference; lastKnownFileType = sourcecode.swift; path = DatabaseManager.swift; sourceTree = "<group>"; };
		C81110E72AF91CC200931D20 /* User.swift */ = {isa = PBXFileReference; lastKnownFileType = sourcecode.swift; path = User.swift; sourceTree = "<group>"; };
		C81110EA2AF9351900931D20 /* ToyListView.swift */ = {isa = PBXFileReference; lastKnownFileType = sourcecode.swift; path = ToyListView.swift; sourceTree = "<group>"; };
		C81110EC2AF98DD800931D20 /* AuthenticationManager.swift */ = {isa = PBXFileReference; lastKnownFileType = sourcecode.swift; path = AuthenticationManager.swift; sourceTree = "<group>"; };
		C85FBD9B2AEFD9AC002BFD36 /* GiveGive.app */ = {isa = PBXFileReference; explicitFileType = wrapper.application; includeInIndex = 0; path = GiveGive.app; sourceTree = BUILT_PRODUCTS_DIR; };
		C85FBD9E2AEFD9AC002BFD36 /* GiveGiveApp.swift */ = {isa = PBXFileReference; lastKnownFileType = sourcecode.swift; path = GiveGiveApp.swift; sourceTree = "<group>"; };
		C85FBDA02AEFD9AC002BFD36 /* ContentView.swift */ = {isa = PBXFileReference; lastKnownFileType = sourcecode.swift; path = ContentView.swift; sourceTree = "<group>"; };
		C85FBDA22AEFD9AE002BFD36 /* Assets.xcassets */ = {isa = PBXFileReference; lastKnownFileType = folder.assetcatalog; path = Assets.xcassets; sourceTree = "<group>"; };
		C85FBDA52AEFD9AE002BFD36 /* Preview Assets.xcassets */ = {isa = PBXFileReference; lastKnownFileType = folder.assetcatalog; path = "Preview Assets.xcassets"; sourceTree = "<group>"; };
		C85FBDAC2AEFDDEB002BFD36 /* WorkSans-Black.ttf */ = {isa = PBXFileReference; lastKnownFileType = file; path = "WorkSans-Black.ttf"; sourceTree = "<group>"; };
		C85FBDAD2AEFDDEC002BFD36 /* WorkSans-Medium.ttf */ = {isa = PBXFileReference; lastKnownFileType = file; path = "WorkSans-Medium.ttf"; sourceTree = "<group>"; };
		C85FBDAE2AEFDDEC002BFD36 /* WorkSans-Light.ttf */ = {isa = PBXFileReference; lastKnownFileType = file; path = "WorkSans-Light.ttf"; sourceTree = "<group>"; };
		C85FBDAF2AEFDDEC002BFD36 /* WorkSans-Regular.ttf */ = {isa = PBXFileReference; lastKnownFileType = file; path = "WorkSans-Regular.ttf"; sourceTree = "<group>"; };
		C85FBDB02AEFDDEC002BFD36 /* WorkSans-Bold.ttf */ = {isa = PBXFileReference; lastKnownFileType = file; path = "WorkSans-Bold.ttf"; sourceTree = "<group>"; };
		C85FBDB12AEFDDEC002BFD36 /* WorkSans-SemiBold.ttf */ = {isa = PBXFileReference; lastKnownFileType = file; path = "WorkSans-SemiBold.ttf"; sourceTree = "<group>"; };
		C85FBDB22AEFDDEC002BFD36 /* WorkSans-ExtraBold.ttf */ = {isa = PBXFileReference; lastKnownFileType = file; path = "WorkSans-ExtraBold.ttf"; sourceTree = "<group>"; };
		C85FBDBB2AEFDF24002BFD36 /* Info.plist */ = {isa = PBXFileReference; lastKnownFileType = text.plist; path = Info.plist; sourceTree = "<group>"; };
		C85FBDC02AEFE24E002BFD36 /* GGView.swift */ = {isa = PBXFileReference; lastKnownFileType = sourcecode.swift; path = GGView.swift; sourceTree = "<group>"; };
		C85FBDC32AEFE3A0002BFD36 /* gg.usdz */ = {isa = PBXFileReference; lastKnownFileType = file.usdz; path = gg.usdz; sourceTree = "<group>"; };
		C8A3ED512B0B8640002D558C /* ToyProfileView.swift */ = {isa = PBXFileReference; lastKnownFileType = sourcecode.swift; path = ToyProfileView.swift; sourceTree = "<group>"; };
		C8A3ED562B0B86BF002D558C /* QRView.swift */ = {isa = PBXFileReference; lastKnownFileType = sourcecode.swift; path = QRView.swift; sourceTree = "<group>"; };
		C8A3ED592B0CAA3F002D558C /* SubjectLiftingView.swift */ = {isa = PBXFileReference; lastKnownFileType = sourcecode.swift; path = SubjectLiftingView.swift; sourceTree = "<group>"; };
		C8FDDAB62AFD064000A24A82 /* StorageManager.swift */ = {isa = PBXFileReference; lastKnownFileType = sourcecode.swift; path = StorageManager.swift; sourceTree = "<group>"; };
/* End PBXFileReference section */

/* Begin PBXFrameworksBuildPhase section */
		C85FBD982AEFD9AC002BFD36 /* Frameworks */ = {
			isa = PBXFrameworksBuildPhase;
			buildActionMask = 2147483647;
			files = (
				C81110BE2AF3D15900931D20 /* FirebaseFirestore in Frameworks */,
				C81110AA2AF3D15900931D20 /* FirebaseAnalyticsSwift in Frameworks */,
				C81110A62AF3D15900931D20 /* FirebaseAnalytics in Frameworks */,
				C81110C22AF3D15900931D20 /* FirebaseFirestoreSwift in Frameworks */,
				C81110B22AF3D15900931D20 /* FirebaseAuth in Frameworks */,
				C8A3ED552B0B8670002D558C /* CodeScanner in Frameworks */,
				C81110D82AF3D15900931D20 /* FirebaseStorage in Frameworks */,
			);
			runOnlyForDeploymentPostprocessing = 0;
		};
/* End PBXFrameworksBuildPhase section */

/* Begin PBXGroup section */
		C810032F2B0F81EA000177EF /* Extensions */ = {
			isa = PBXGroup;
			children = (
				C81003302B0F81F9000177EF /* Extensions.swift */,
			);
			path = Extensions;
			sourceTree = "<group>";
		};
		C811109F2AF3A34F00931D20 /* Assets */ = {
			isa = PBXGroup;
			children = (
				C85FBDBA2AEFDDFE002BFD36 /* Fonts */,
				C85FBDC22AEFE393002BFD36 /* ARModels */,
			);
			path = Assets;
			sourceTree = "<group>";
		};
		C81110A12AF3A37D00931D20 /* Models */ = {
			isa = PBXGroup;
			children = (
				C81110E72AF91CC200931D20 /* User.swift */,
			);
			path = Models;
			sourceTree = "<group>";
		};
		C81110E02AF3E7B500931D20 /* Managers */ = {
			isa = PBXGroup;
			children = (
				C81110E52AF91C2600931D20 /* DatabaseManager.swift */,
				C81110EC2AF98DD800931D20 /* AuthenticationManager.swift */,
				C8FDDAB62AFD064000A24A82 /* StorageManager.swift */,
			);
			path = Managers;
			sourceTree = "<group>";
		};
		C81110E92AF9350700931D20 /* ToyList */ = {
			isa = PBXGroup;
			children = (
				C81110EA2AF9351900931D20 /* ToyListView.swift */,
			);
			path = ToyList;
			sourceTree = "<group>";
		};
		C85FBD922AEFD9AC002BFD36 = {
			isa = PBXGroup;
			children = (
				C85FBD9D2AEFD9AC002BFD36 /* GiveGive */,
				C85FBD9C2AEFD9AC002BFD36 /* Products */,
			);
			sourceTree = "<group>";
		};
		C85FBD9C2AEFD9AC002BFD36 /* Products */ = {
			isa = PBXGroup;
			children = (
				C85FBD9B2AEFD9AC002BFD36 /* GiveGive.app */,
			);
			name = Products;
			sourceTree = "<group>";
		};
		C85FBD9D2AEFD9AC002BFD36 /* GiveGive */ = {
			isa = PBXGroup;
			children = (
				C810032F2B0F81EA000177EF /* Extensions */,
				C81110E32AF3E92400931D20 /* GoogleService-Info.plist */,
				C81110E02AF3E7B500931D20 /* Managers */,
				C81110A12AF3A37D00931D20 /* Models */,
				C811109F2AF3A34F00931D20 /* Assets */,
				C85FBDBC2AEFE1F6002BFD36 /* Features */,
				C85FBDBB2AEFDF24002BFD36 /* Info.plist */,
				C85FBD9E2AEFD9AC002BFD36 /* GiveGiveApp.swift */,
				C85FBDA02AEFD9AC002BFD36 /* ContentView.swift */,
				C85FBDA22AEFD9AE002BFD36 /* Assets.xcassets */,
				C85FBDA42AEFD9AE002BFD36 /* Preview Content */,
			);
			path = GiveGive;
			sourceTree = "<group>";
		};
		C85FBDA42AEFD9AE002BFD36 /* Preview Content */ = {
			isa = PBXGroup;
			children = (
				C85FBDA52AEFD9AE002BFD36 /* Preview Assets.xcassets */,
			);
			path = "Preview Content";
			sourceTree = "<group>";
		};
		C85FBDBA2AEFDDFE002BFD36 /* Fonts */ = {
			isa = PBXGroup;
			children = (
				C85FBDAC2AEFDDEB002BFD36 /* WorkSans-Black.ttf */,
				C85FBDB02AEFDDEC002BFD36 /* WorkSans-Bold.ttf */,
				C85FBDB22AEFDDEC002BFD36 /* WorkSans-ExtraBold.ttf */,
				C85FBDAE2AEFDDEC002BFD36 /* WorkSans-Light.ttf */,
				C85FBDAD2AEFDDEC002BFD36 /* WorkSans-Medium.ttf */,
				C85FBDAF2AEFDDEC002BFD36 /* WorkSans-Regular.ttf */,
				C85FBDB12AEFDDEC002BFD36 /* WorkSans-SemiBold.ttf */,
			);
			path = Fonts;
			sourceTree = "<group>";
		};
		C85FBDBC2AEFE1F6002BFD36 /* Features */ = {
			isa = PBXGroup;
			children = (
				C8A3ED582B0CAA29002D558C /* SubjectLifting */,
				C8A3ED502B0B862D002D558C /* ToyProfile */,
				C81110E92AF9350700931D20 /* ToyList */,
				C85FBDBD2AEFE1FE002BFD36 /* GG */,
			);
			path = Features;
			sourceTree = "<group>";
		};
		C85FBDBD2AEFE1FE002BFD36 /* GG */ = {
			isa = PBXGroup;
			children = (
				C85FBDC02AEFE24E002BFD36 /* GGView.swift */,
			);
			path = GG;
			sourceTree = "<group>";
		};
		C85FBDC22AEFE393002BFD36 /* ARModels */ = {
			isa = PBXGroup;
			children = (
				C85FBDC32AEFE3A0002BFD36 /* gg.usdz */,
			);
			path = ARModels;
			sourceTree = "<group>";
		};
		C8A3ED502B0B862D002D558C /* ToyProfile */ = {
			isa = PBXGroup;
			children = (
				C8A3ED512B0B8640002D558C /* ToyProfileView.swift */,
				C8A3ED562B0B86BF002D558C /* QRView.swift */,
			);
			path = ToyProfile;
			sourceTree = "<group>";
		};
		C8A3ED582B0CAA29002D558C /* SubjectLifting */ = {
			isa = PBXGroup;
			children = (
				C8A3ED592B0CAA3F002D558C /* SubjectLiftingView.swift */,
			);
			path = SubjectLifting;
			sourceTree = "<group>";
		};
/* End PBXGroup section */

/* Begin PBXNativeTarget section */
		C85FBD9A2AEFD9AC002BFD36 /* GiveGive */ = {
			isa = PBXNativeTarget;
			buildConfigurationList = C85FBDA92AEFD9AE002BFD36 /* Build configuration list for PBXNativeTarget "GiveGive" */;
			buildPhases = (
				C85FBD972AEFD9AC002BFD36 /* Sources */,
				C85FBD982AEFD9AC002BFD36 /* Frameworks */,
				C85FBD992AEFD9AC002BFD36 /* Resources */,
			);
			buildRules = (
			);
			dependencies = (
			);
			name = GiveGive;
			packageProductDependencies = (
				C81110A52AF3D15900931D20 /* FirebaseAnalytics */,
				C81110A92AF3D15900931D20 /* FirebaseAnalyticsSwift */,
				C81110B12AF3D15900931D20 /* FirebaseAuth */,
				C81110BD2AF3D15900931D20 /* FirebaseFirestore */,
				C81110C12AF3D15900931D20 /* FirebaseFirestoreSwift */,
				C81110D72AF3D15900931D20 /* FirebaseStorage */,
				C8A3ED542B0B8670002D558C /* CodeScanner */,
			);
			productName = GiveGive;
			productReference = C85FBD9B2AEFD9AC002BFD36 /* GiveGive.app */;
			productType = "com.apple.product-type.application";
		};
/* End PBXNativeTarget section */

/* Begin PBXProject section */
		C85FBD932AEFD9AC002BFD36 /* Project object */ = {
			isa = PBXProject;
			attributes = {
				BuildIndependentTargetsInParallel = 1;
				LastSwiftUpdateCheck = 1500;
				LastUpgradeCheck = 1500;
				TargetAttributes = {
					C85FBD9A2AEFD9AC002BFD36 = {
						CreatedOnToolsVersion = 15.0;
					};
				};
			};
			buildConfigurationList = C85FBD962AEFD9AC002BFD36 /* Build configuration list for PBXProject "GiveGive" */;
			compatibilityVersion = "Xcode 14.0";
			developmentRegion = en;
			hasScannedForEncodings = 0;
			knownRegions = (
				en,
				Base,
			);
			mainGroup = C85FBD922AEFD9AC002BFD36;
			packageReferences = (
				C81110A42AF3D15800931D20 /* XCRemoteSwiftPackageReference "firebase-ios-sdk" */,
				C8A3ED532B0B8670002D558C /* XCRemoteSwiftPackageReference "CodeScanner" */,
			);
			productRefGroup = C85FBD9C2AEFD9AC002BFD36 /* Products */;
			projectDirPath = "";
			projectRoot = "";
			targets = (
				C85FBD9A2AEFD9AC002BFD36 /* GiveGive */,
			);
		};
/* End PBXProject section */

/* Begin PBXResourcesBuildPhase section */
		C85FBD992AEFD9AC002BFD36 /* Resources */ = {
			isa = PBXResourcesBuildPhase;
			buildActionMask = 2147483647;
			files = (
				C85FBDB32AEFDDEC002BFD36 /* WorkSans-Black.ttf in Resources */,
				C85FBDB92AEFDDEC002BFD36 /* WorkSans-ExtraBold.ttf in Resources */,
				C85FBDB42AEFDDEC002BFD36 /* WorkSans-Medium.ttf in Resources */,
				C85FBDA62AEFD9AE002BFD36 /* Preview Assets.xcassets in Resources */,
				C85FBDC42AEFE3A0002BFD36 /* gg.usdz in Resources */,
				C85FBDB62AEFDDEC002BFD36 /* WorkSans-Regular.ttf in Resources */,
				C85FBDA32AEFD9AE002BFD36 /* Assets.xcassets in Resources */,
				C85FBDB82AEFDDEC002BFD36 /* WorkSans-SemiBold.ttf in Resources */,
				C81110E42AF3E92400931D20 /* GoogleService-Info.plist in Resources */,
				C85FBDB52AEFDDEC002BFD36 /* WorkSans-Light.ttf in Resources */,
				C85FBDB72AEFDDEC002BFD36 /* WorkSans-Bold.ttf in Resources */,
			);
			runOnlyForDeploymentPostprocessing = 0;
		};
/* End PBXResourcesBuildPhase section */

/* Begin PBXSourcesBuildPhase section */
		C85FBD972AEFD9AC002BFD36 /* Sources */ = {
			isa = PBXSourcesBuildPhase;
			buildActionMask = 2147483647;
			files = (
				C81110ED2AF98DD800931D20 /* AuthenticationManager.swift in Sources */,
				C8A3ED5A2B0CAA3F002D558C /* SubjectLiftingView.swift in Sources */,
				C85FBDC12AEFE24E002BFD36 /* GGView.swift in Sources */,
				C8A3ED522B0B8640002D558C /* ToyProfileView.swift in Sources */,
				C8A3ED572B0B86BF002D558C /* QRView.swift in Sources */,
				C81110E82AF91CC200931D20 /* User.swift in Sources */,
				C81110E62AF91C2600931D20 /* DatabaseManager.swift in Sources */,
				C81003312B0F81F9000177EF /* Extensions.swift in Sources */,
				C85FBDA12AEFD9AC002BFD36 /* ContentView.swift in Sources */,
				C81110EB2AF9351900931D20 /* ToyListView.swift in Sources */,
				C85FBD9F2AEFD9AC002BFD36 /* GiveGiveApp.swift in Sources */,
				C8FDDAB72AFD064000A24A82 /* StorageManager.swift in Sources */,
			);
			runOnlyForDeploymentPostprocessing = 0;
		};
/* End PBXSourcesBuildPhase section */

/* Begin XCBuildConfiguration section */
		C85FBDA72AEFD9AE002BFD36 /* Debug */ = {
			isa = XCBuildConfiguration;
			buildSettings = {
				ALWAYS_SEARCH_USER_PATHS = NO;
				ASSETCATALOG_COMPILER_GENERATE_SWIFT_ASSET_SYMBOL_EXTENSIONS = YES;
				CLANG_ANALYZER_NONNULL = YES;
				CLANG_ANALYZER_NUMBER_OBJECT_CONVERSION = YES_AGGRESSIVE;
				CLANG_CXX_LANGUAGE_STANDARD = "gnu++20";
				CLANG_ENABLE_MODULES = YES;
				CLANG_ENABLE_OBJC_ARC = YES;
				CLANG_ENABLE_OBJC_WEAK = YES;
				CLANG_WARN_BLOCK_CAPTURE_AUTORELEASING = YES;
				CLANG_WARN_BOOL_CONVERSION = YES;
				CLANG_WARN_COMMA = YES;
				CLANG_WARN_CONSTANT_CONVERSION = YES;
				CLANG_WARN_DEPRECATED_OBJC_IMPLEMENTATIONS = YES;
				CLANG_WARN_DIRECT_OBJC_ISA_USAGE = YES_ERROR;
				CLANG_WARN_DOCUMENTATION_COMMENTS = YES;
				CLANG_WARN_EMPTY_BODY = YES;
				CLANG_WARN_ENUM_CONVERSION = YES;
				CLANG_WARN_INFINITE_RECURSION = YES;
				CLANG_WARN_INT_CONVERSION = YES;
				CLANG_WARN_NON_LITERAL_NULL_CONVERSION = YES;
				CLANG_WARN_OBJC_IMPLICIT_RETAIN_SELF = YES;
				CLANG_WARN_OBJC_LITERAL_CONVERSION = YES;
				CLANG_WARN_OBJC_ROOT_CLASS = YES_ERROR;
				CLANG_WARN_QUOTED_INCLUDE_IN_FRAMEWORK_HEADER = YES;
				CLANG_WARN_RANGE_LOOP_ANALYSIS = YES;
				CLANG_WARN_STRICT_PROTOTYPES = YES;
				CLANG_WARN_SUSPICIOUS_MOVE = YES;
				CLANG_WARN_UNGUARDED_AVAILABILITY = YES_AGGRESSIVE;
				CLANG_WARN_UNREACHABLE_CODE = YES;
				CLANG_WARN__DUPLICATE_METHOD_MATCH = YES;
				COPY_PHASE_STRIP = NO;
				DEBUG_INFORMATION_FORMAT = dwarf;
				ENABLE_STRICT_OBJC_MSGSEND = YES;
				ENABLE_TESTABILITY = YES;
				ENABLE_USER_SCRIPT_SANDBOXING = YES;
				GCC_C_LANGUAGE_STANDARD = gnu17;
				GCC_DYNAMIC_NO_PIC = NO;
				GCC_NO_COMMON_BLOCKS = YES;
				GCC_OPTIMIZATION_LEVEL = 0;
				GCC_PREPROCESSOR_DEFINITIONS = (
					"DEBUG=1",
					"$(inherited)",
				);
				GCC_WARN_64_TO_32_BIT_CONVERSION = YES;
				GCC_WARN_ABOUT_RETURN_TYPE = YES_ERROR;
				GCC_WARN_UNDECLARED_SELECTOR = YES;
				GCC_WARN_UNINITIALIZED_AUTOS = YES_AGGRESSIVE;
				GCC_WARN_UNUSED_FUNCTION = YES;
				GCC_WARN_UNUSED_VARIABLE = YES;
				IPHONEOS_DEPLOYMENT_TARGET = 17.0;
				LOCALIZATION_PREFERS_STRING_CATALOGS = YES;
				MTL_ENABLE_DEBUG_INFO = INCLUDE_SOURCE;
				MTL_FAST_MATH = YES;
				ONLY_ACTIVE_ARCH = YES;
				SDKROOT = iphoneos;
				SWIFT_ACTIVE_COMPILATION_CONDITIONS = "DEBUG $(inherited)";
				SWIFT_OPTIMIZATION_LEVEL = "-Onone";
			};
			name = Debug;
		};
		C85FBDA82AEFD9AE002BFD36 /* Release */ = {
			isa = XCBuildConfiguration;
			buildSettings = {
				ALWAYS_SEARCH_USER_PATHS = NO;
				ASSETCATALOG_COMPILER_GENERATE_SWIFT_ASSET_SYMBOL_EXTENSIONS = YES;
				CLANG_ANALYZER_NONNULL = YES;
				CLANG_ANALYZER_NUMBER_OBJECT_CONVERSION = YES_AGGRESSIVE;
				CLANG_CXX_LANGUAGE_STANDARD = "gnu++20";
				CLANG_ENABLE_MODULES = YES;
				CLANG_ENABLE_OBJC_ARC = YES;
				CLANG_ENABLE_OBJC_WEAK = YES;
				CLANG_WARN_BLOCK_CAPTURE_AUTORELEASING = YES;
				CLANG_WARN_BOOL_CONVERSION = YES;
				CLANG_WARN_COMMA = YES;
				CLANG_WARN_CONSTANT_CONVERSION = YES;
				CLANG_WARN_DEPRECATED_OBJC_IMPLEMENTATIONS = YES;
				CLANG_WARN_DIRECT_OBJC_ISA_USAGE = YES_ERROR;
				CLANG_WARN_DOCUMENTATION_COMMENTS = YES;
				CLANG_WARN_EMPTY_BODY = YES;
				CLANG_WARN_ENUM_CONVERSION = YES;
				CLANG_WARN_INFINITE_RECURSION = YES;
				CLANG_WARN_INT_CONVERSION = YES;
				CLANG_WARN_NON_LITERAL_NULL_CONVERSION = YES;
				CLANG_WARN_OBJC_IMPLICIT_RETAIN_SELF = YES;
				CLANG_WARN_OBJC_LITERAL_CONVERSION = YES;
				CLANG_WARN_OBJC_ROOT_CLASS = YES_ERROR;
				CLANG_WARN_QUOTED_INCLUDE_IN_FRAMEWORK_HEADER = YES;
				CLANG_WARN_RANGE_LOOP_ANALYSIS = YES;
				CLANG_WARN_STRICT_PROTOTYPES = YES;
				CLANG_WARN_SUSPICIOUS_MOVE = YES;
				CLANG_WARN_UNGUARDED_AVAILABILITY = YES_AGGRESSIVE;
				CLANG_WARN_UNREACHABLE_CODE = YES;
				CLANG_WARN__DUPLICATE_METHOD_MATCH = YES;
				COPY_PHASE_STRIP = NO;
				DEBUG_INFORMATION_FORMAT = "dwarf-with-dsym";
				ENABLE_NS_ASSERTIONS = NO;
				ENABLE_STRICT_OBJC_MSGSEND = YES;
				ENABLE_USER_SCRIPT_SANDBOXING = YES;
				GCC_C_LANGUAGE_STANDARD = gnu17;
				GCC_NO_COMMON_BLOCKS = YES;
				GCC_WARN_64_TO_32_BIT_CONVERSION = YES;
				GCC_WARN_ABOUT_RETURN_TYPE = YES_ERROR;
				GCC_WARN_UNDECLARED_SELECTOR = YES;
				GCC_WARN_UNINITIALIZED_AUTOS = YES_AGGRESSIVE;
				GCC_WARN_UNUSED_FUNCTION = YES;
				GCC_WARN_UNUSED_VARIABLE = YES;
				IPHONEOS_DEPLOYMENT_TARGET = 17.0;
				LOCALIZATION_PREFERS_STRING_CATALOGS = YES;
				MTL_ENABLE_DEBUG_INFO = NO;
				MTL_FAST_MATH = YES;
				SDKROOT = iphoneos;
				SWIFT_COMPILATION_MODE = wholemodule;
				VALIDATE_PRODUCT = YES;
			};
			name = Release;
		};
		C85FBDAA2AEFD9AE002BFD36 /* Debug */ = {
			isa = XCBuildConfiguration;
			buildSettings = {
				ASSETCATALOG_COMPILER_APPICON_NAME = AppIcon;
				ASSETCATALOG_COMPILER_GLOBAL_ACCENT_COLOR_NAME = AccentColor;
				CODE_SIGN_STYLE = Automatic;
				CURRENT_PROJECT_VERSION = 1;
				DEVELOPMENT_ASSET_PATHS = "\"GiveGive/Preview Content\"";
				DEVELOPMENT_TEAM = 5A4Z6W2M4H;
				ENABLE_PREVIEWS = YES;
				GENERATE_INFOPLIST_FILE = YES;
				INFOPLIST_FILE = GiveGive/Info.plist;
				INFOPLIST_KEY_NSCameraUsageDescription = "Give Give requires access to your device’s camera.";
				INFOPLIST_KEY_UIApplicationSceneManifest_Generation = YES;
				INFOPLIST_KEY_UIApplicationSupportsIndirectInputEvents = YES;
				INFOPLIST_KEY_UILaunchScreen_Generation = YES;
				INFOPLIST_KEY_UISupportedInterfaceOrientations_iPad = "UIInterfaceOrientationPortrait UIInterfaceOrientationPortraitUpsideDown UIInterfaceOrientationLandscapeLeft UIInterfaceOrientationLandscapeRight";
				INFOPLIST_KEY_UISupportedInterfaceOrientations_iPhone = "UIInterfaceOrientationPortrait UIInterfaceOrientationLandscapeLeft UIInterfaceOrientationLandscapeRight";
				LD_RUNPATH_SEARCH_PATHS = (
					"$(inherited)",
					"@executable_path/Frameworks",
				);
				MARKETING_VERSION = 1.0;
				PRODUCT_BUNDLE_IDENTIFIER = com.givegiveteam.GiveGive;
				PRODUCT_NAME = "$(TARGET_NAME)";
				SWIFT_EMIT_LOC_STRINGS = YES;
				SWIFT_VERSION = 5.0;
				TARGETED_DEVICE_FAMILY = "1,2";
			};
			name = Debug;
		};
		C85FBDAB2AEFD9AE002BFD36 /* Release */ = {
			isa = XCBuildConfiguration;
			buildSettings = {
				ASSETCATALOG_COMPILER_APPICON_NAME = AppIcon;
				ASSETCATALOG_COMPILER_GLOBAL_ACCENT_COLOR_NAME = AccentColor;
				CODE_SIGN_STYLE = Automatic;
				CURRENT_PROJECT_VERSION = 1;
				DEVELOPMENT_ASSET_PATHS = "\"GiveGive/Preview Content\"";
				DEVELOPMENT_TEAM = 5A4Z6W2M4H;
				ENABLE_PREVIEWS = YES;
				GENERATE_INFOPLIST_FILE = YES;
				INFOPLIST_FILE = GiveGive/Info.plist;
				INFOPLIST_KEY_NSCameraUsageDescription = "Give Give requires access to your device’s camera.";
				INFOPLIST_KEY_UIApplicationSceneManifest_Generation = YES;
				INFOPLIST_KEY_UIApplicationSupportsIndirectInputEvents = YES;
				INFOPLIST_KEY_UILaunchScreen_Generation = YES;
				INFOPLIST_KEY_UISupportedInterfaceOrientations_iPad = "UIInterfaceOrientationPortrait UIInterfaceOrientationPortraitUpsideDown UIInterfaceOrientationLandscapeLeft UIInterfaceOrientationLandscapeRight";
				INFOPLIST_KEY_UISupportedInterfaceOrientations_iPhone = "UIInterfaceOrientationPortrait UIInterfaceOrientationLandscapeLeft UIInterfaceOrientationLandscapeRight";
				LD_RUNPATH_SEARCH_PATHS = (
					"$(inherited)",
					"@executable_path/Frameworks",
				);
				MARKETING_VERSION = 1.0;
				PRODUCT_BUNDLE_IDENTIFIER = com.givegiveteam.GiveGive;
				PRODUCT_NAME = "$(TARGET_NAME)";
				SWIFT_EMIT_LOC_STRINGS = YES;
				SWIFT_VERSION = 5.0;
				TARGETED_DEVICE_FAMILY = "1,2";
			};
			name = Release;
		};
/* End XCBuildConfiguration section */

/* Begin XCConfigurationList section */
		C85FBD962AEFD9AC002BFD36 /* Build configuration list for PBXProject "GiveGive" */ = {
			isa = XCConfigurationList;
			buildConfigurations = (
				C85FBDA72AEFD9AE002BFD36 /* Debug */,
				C85FBDA82AEFD9AE002BFD36 /* Release */,
			);
			defaultConfigurationIsVisible = 0;
			defaultConfigurationName = Release;
		};
		C85FBDA92AEFD9AE002BFD36 /* Build configuration list for PBXNativeTarget "GiveGive" */ = {
			isa = XCConfigurationList;
			buildConfigurations = (
				C85FBDAA2AEFD9AE002BFD36 /* Debug */,
				C85FBDAB2AEFD9AE002BFD36 /* Release */,
			);
			defaultConfigurationIsVisible = 0;
			defaultConfigurationName = Release;
		};
/* End XCConfigurationList section */

/* Begin XCRemoteSwiftPackageReference section */
		C81110A42AF3D15800931D20 /* XCRemoteSwiftPackageReference "firebase-ios-sdk" */ = {
			isa = XCRemoteSwiftPackageReference;
			repositoryURL = "https://github.com/firebase/firebase-ios-sdk.git";
			requirement = {
				kind = upToNextMajorVersion;
				minimumVersion = 10.17.0;
			};
		};
		C8A3ED532B0B8670002D558C /* XCRemoteSwiftPackageReference "CodeScanner" */ = {
			isa = XCRemoteSwiftPackageReference;
			repositoryURL = "https://github.com/twostraws/CodeScanner";
			requirement = {
				kind = upToNextMajorVersion;
				minimumVersion = 2.3.3;
			};
		};
/* End XCRemoteSwiftPackageReference section */

/* Begin XCSwiftPackageProductDependency section */
		C81110A52AF3D15900931D20 /* FirebaseAnalytics */ = {
			isa = XCSwiftPackageProductDependency;
			package = C81110A42AF3D15800931D20 /* XCRemoteSwiftPackageReference "firebase-ios-sdk" */;
			productName = FirebaseAnalytics;
		};
		C81110A92AF3D15900931D20 /* FirebaseAnalyticsSwift */ = {
			isa = XCSwiftPackageProductDependency;
			package = C81110A42AF3D15800931D20 /* XCRemoteSwiftPackageReference "firebase-ios-sdk" */;
			productName = FirebaseAnalyticsSwift;
		};
		C81110B12AF3D15900931D20 /* FirebaseAuth */ = {
			isa = XCSwiftPackageProductDependency;
			package = C81110A42AF3D15800931D20 /* XCRemoteSwiftPackageReference "firebase-ios-sdk" */;
			productName = FirebaseAuth;
		};
		C81110BD2AF3D15900931D20 /* FirebaseFirestore */ = {
			isa = XCSwiftPackageProductDependency;
			package = C81110A42AF3D15800931D20 /* XCRemoteSwiftPackageReference "firebase-ios-sdk" */;
			productName = FirebaseFirestore;
		};
		C81110C12AF3D15900931D20 /* FirebaseFirestoreSwift */ = {
			isa = XCSwiftPackageProductDependency;
			package = C81110A42AF3D15800931D20 /* XCRemoteSwiftPackageReference "firebase-ios-sdk" */;
			productName = FirebaseFirestoreSwift;
		};
		C81110D72AF3D15900931D20 /* FirebaseStorage */ = {
			isa = XCSwiftPackageProductDependency;
			package = C81110A42AF3D15800931D20 /* XCRemoteSwiftPackageReference "firebase-ios-sdk" */;
			productName = FirebaseStorage;
		};
		C8A3ED542B0B8670002D558C /* CodeScanner */ = {
			isa = XCSwiftPackageProductDependency;
			package = C8A3ED532B0B8670002D558C /* XCRemoteSwiftPackageReference "CodeScanner" */;
			productName = CodeScanner;
		};
/* End XCSwiftPackageProductDependency section */
	};
	rootObject = C85FBD932AEFD9AC002BFD36 /* Project object */;
}
